
Microsoft Visual Studio Solution File, Format Version 12.00
# Visual Studio Version 17
VisualStudioVersion = 17.0.31606.5
MinimumVisualStudioVersion = 10.0.40219.1
Project("{9A19103F-16F7-4668-BE54-9A1E7A4F7556}") = "Prisms.Client.Terminal", "Prisms.Client.Terminal\Prisms.Client.Terminal.csproj", "{925272B8-D8BC-4470-9848-EE380BB427B3}"
EndProject
Project("{9A19103F-16F7-4668-BE54-9A1E7A4F7556}") = "Prisms.Client.Terminal.Test", "Prisms.Client.Terminal.Test\Prisms.Client.Terminal.Test.csproj", "{5FF8BF28-3D2D-41B1-BE0F-363D54BC495C}"
EndProject
Project("{9A19103F-16F7-4668-BE54-9A1E7A4F7556}") = "Prisms.Core", "Prisms.Core\Prisms.Core.csproj", "{9A9A2B2F-A381-4F75-B197-6584D713EEC9}"
EndProject
Project("{9A19103F-16F7-4668-BE54-9A1E7A4F7556}") = "Prisms.Core.Test", "Prisms.Core.Test\Prisms.Core.Test.csproj", "{081FB7A8-D1F8-4B75-AEA3-26DC9408EF57}"
EndProject
Global
	GlobalSection(SolutionConfigurationPlatforms) = preSolution
		Debug|Any CPU = Debug|Any CPU
		Debug|x64 = Debug|x64
		Debug|x86 = Debug|x86
		Release|Any CPU = Release|Any CPU
		Release|x64 = Release|x64
		Release|x86 = Release|x86
	EndGlobalSection
	GlobalSection(ProjectConfigurationPlatforms) = postSolution
		{925272B8-D8BC-4470-9848-EE380BB427B3}.Debug|Any CPU.ActiveCfg = Debug|Any CPU
		{925272B8-D8BC-4470-9848-EE380BB427B3}.Debug|Any CPU.Build.0 = Debug|Any CPU
		{925272B8-D8BC-4470-9848-EE380BB427B3}.Debug|x64.ActiveCfg = Debug|Any CPU
		{925272B8-D8BC-4470-9848-EE380BB427B3}.Debug|x64.Build.0 = Debug|Any CPU
		{925272B8-D8BC-4470-9848-EE380BB427B3}.Debug|x86.ActiveCfg = Debug|Any CPU
		{925272B8-D8BC-4470-9848-EE380BB427B3}.Debug|x86.Build.0 = Debug|Any CPU
		{925272B8-D8BC-4470-9848-EE380BB427B3}.Release|Any CPU.ActiveCfg = Release|Any CPU
		{925272B8-D8BC-4470-9848-EE380BB427B3}.Release|Any CPU.Build.0 = Release|Any CPU
		{925272B8-D8BC-4470-9848-EE380BB427B3}.Release|x64.ActiveCfg = Release|Any CPU
		{925272B8-D8BC-4470-9848-EE380BB427B3}.Release|x64.Build.0 = Release|Any CPU
		{925272B8-D8BC-4470-9848-EE380BB427B3}.Release|x86.ActiveCfg = Release|Any CPU
		{925272B8-D8BC-4470-9848-EE380BB427B3}.Release|x86.Build.0 = Release|Any CPU
		{5FF8BF28-3D2D-41B1-BE0F-363D54BC495C}.Debug|Any CPU.ActiveCfg = Debug|Any CPU
		{5FF8BF28-3D2D-41B1-BE0F-363D54BC495C}.Debug|Any CPU.Build.0 = Debug|Any CPU
		{5FF8BF28-3D2D-41B1-BE0F-363D54BC495C}.Debug|x64.ActiveCfg = Debug|Any CPU
		{5FF8BF28-3D2D-41B1-BE0F-363D54BC495C}.Debug|x64.Build.0 = Debug|Any CPU
		{5FF8BF28-3D2D-41B1-BE0F-363D54BC495C}.Debug|x86.ActiveCfg = Debug|Any CPU
		{5FF8BF28-3D2D-41B1-BE0F-363D54BC495C}.Debug|x86.Build.0 = Debug|Any CPU
		{5FF8BF28-3D2D-41B1-BE0F-363D54BC495C}.Release|Any CPU.ActiveCfg = Release|Any CPU
		{5FF8BF28-3D2D-41B1-BE0F-363D54BC495C}.Release|Any CPU.Build.0 = Release|Any CPU
		{5FF8BF28-3D2D-41B1-BE0F-363D54BC495C}.Release|x64.ActiveCfg = Release|Any CPU
		{5FF8BF28-3D2D-41B1-BE0F-363D54BC495C}.Release|x64.Build.0 = Release|Any CPU
		{5FF8BF28-3D2D-41B1-BE0F-363D54BC495C}.Release|x86.ActiveCfg = Release|Any CPU
		{5FF8BF28-3D2D-41B1-BE0F-363D54BC495C}.Release|x86.Build.0 = Release|Any CPU
		{9A9A2B2F-A381-4F75-B197-6584D713EEC9}.Debug|Any CPU.ActiveCfg = Debug|Any CPU
		{9A9A2B2F-A381-4F75-B197-6584D713EEC9}.Debug|Any CPU.Build.0 = Debug|Any CPU
		{9A9A2B2F-A381-4F75-B197-6584D713EEC9}.Debug|x64.ActiveCfg = Debug|Any CPU
		{9A9A2B2F-A381-4F75-B197-6584D713EEC9}.Debug|x64.Build.0 = Debug|Any CPU
		{9A9A2B2F-A381-4F75-B197-6584D713EEC9}.Debug|x86.ActiveCfg = Debug|Any CPU
		{9A9A2B2F-A381-4F75-B197-6584D713EEC9}.Debug|x86.Build.0 = Debug|Any CPU
		{9A9A2B2F-A381-4F75-B197-6584D713EEC9}.Release|Any CPU.ActiveCfg = Release|Any CPU
		{9A9A2B2F-A381-4F75-B197-6584D713EEC9}.Release|Any CPU.Build.0 = Release|Any CPU
		{9A9A2B2F-A381-4F75-B197-6584D713EEC9}.Release|x64.ActiveCfg = Release|Any CPU
		{9A9A2B2F-A381-4F75-B197-6584D713EEC9}.Release|x64.Build.0 = Release|Any CPU
		{9A9A2B2F-A381-4F75-B197-6584D713EEC9}.Release|x86.ActiveCfg = Release|Any CPU
		{9A9A2B2F-A381-4F75-B197-6584D713EEC9}.Release|x86.Build.0 = Release|Any CPU
		{081FB7A8-D1F8-4B75-AEA3-26DC9408EF57}.Debug|Any CPU.ActiveCfg = Debug|Any CPU
		{081FB7A8-D1F8-4B75-AEA3-26DC9408EF57}.Debug|Any CPU.Build.0 = Debug|Any CPU
		{081FB7A8-D1F8-4B75-AEA3-26DC9408EF57}.Debug|x64.ActiveCfg = Debug|Any CPU
		{081FB7A8-D1F8-4B75-AEA3-26DC9408EF57}.Debug|x64.Build.0 = Debug|Any CPU
		{081FB7A8-D1F8-4B75-AEA3-26DC9408EF57}.Debug|x86.ActiveCfg = Debug|Any CPU
		{081FB7A8-D1F8-4B75-AEA3-26DC9408EF57}.Debug|x86.Build.0 = Debug|Any CPU
		{081FB7A8-D1F8-4B75-AEA3-26DC9408EF57}.Release|Any CPU.ActiveCfg = Release|Any CPU
		{081FB7A8-D1F8-4B75-AEA3-26DC9408EF57}.Release|Any CPU.Build.0 = Release|Any CPU
		{081FB7A8-D1F8-4B75-AEA3-26DC9408EF57}.Release|x64.ActiveCfg = Release|Any CPU
		{081FB7A8-D1F8-4B75-AEA3-26DC9408EF57}.Release|x64.Build.0 = Release|Any CPU
		{081FB7A8-D1F8-4B75-AEA3-26DC9408EF57}.Release|x86.ActiveCfg = Release|Any CPU
		{081FB7A8-D1F8-4B75-AEA3-26DC9408EF57}.Release|x86.Build.0 = Release|Any CPU
	EndGlobalSection
	GlobalSection(SolutionProperties) = preSolution
		HideSolutionNode = FALSE
	EndGlobalSection
	GlobalSection(ExtensibilityGlobals) = postSolution
		SolutionGuid = {C550BA50-9EDC-4F3D-8A5E-0998874867E6}
	EndGlobalSection
EndGlobal
